// !$*UTF8*$!
{
	archiveVersion = 1;
	classes = {
	};
	objectVersion = 46;
	objects = {

/* Begin PBXBuildFile section */
		BB056CDC1ED2E64600DC2D99 /* FS Lib.cpp in Sources */ = {isa = PBXBuildFile; fileRef = BB056CDA1ED2E64600DC2D99 /* FS Lib.cpp */; };
		BB056CDD1ED2E64600DC2D99 /* FS Lib.hpp in Headers */ = {isa = PBXBuildFile; fileRef = BB056CDB1ED2E64600DC2D99 /* FS Lib.hpp */; };
/* End PBXBuildFile section */

/* Begin PBXFileReference section */
		BB056CC01ED2E27E00DC2D99 /* libFS Lib.dylib */ = {isa = PBXFileReference; explicitFileType = "compiled.mach-o.dylib"; includeInIndex = 0; path = "libFS Lib.dylib"; sourceTree = BUILT_PRODUCTS_DIR; };
		BB056CDA1ED2E64600DC2D99 /* FS Lib.cpp */ = {isa = PBXFileReference; fileEncoding = 4; lastKnownFileType = sourcecode.cpp.cpp; name = "FS Lib.cpp"; path = "../../../Source/FS Lib/FS Lib.cpp"; sourceTree = "<group>"; };
		BB056CDB1ED2E64600DC2D99 /* FS Lib.hpp */ = {isa = PBXFileReference; fileEncoding = 4; lastKnownFileType = sourcecode.cpp.h; name = "FS Lib.hpp"; path = "../../../Source/FS Lib/FS Lib.hpp"; sourceTree = "<group>"; };
/* End PBXFileReference section */

/* Begin PBXFrameworksBuildPhase section */
		BB056CBD1ED2E27E00DC2D99 /* Frameworks */ = {
			isa = PBXFrameworksBuildPhase;
			buildActionMask = 2147483647;
			files = (
			);
			runOnlyForDeploymentPostprocessing = 0;
		};
/* End PBXFrameworksBuildPhase section */

/* Begin PBXGroup section */
		BB056CB71ED2E27E00DC2D99 = {
			isa = PBXGroup;
			children = (
				BB056CDA1ED2E64600DC2D99 /* FS Lib.cpp */,
				BB056CDB1ED2E64600DC2D99 /* FS Lib.hpp */,
				BB056CC11ED2E27E00DC2D99 /* Products */,
			);
			sourceTree = "<group>";
		};
		BB056CC11ED2E27E00DC2D99 /* Products */ = {
			isa = PBXGroup;
			children = (
				BB056CC01ED2E27E00DC2D99 /* libFS Lib.dylib */,
			);
			name = Products;
			sourceTree = "<group>";
		};
/* End PBXGroup section */

/* Begin PBXHeadersBuildPhase section */
		BB056CBE1ED2E27E00DC2D99 /* Headers */ = {
			isa = PBXHeadersBuildPhase;
			buildActionMask = 2147483647;
			files = (
				BB056CDD1ED2E64600DC2D99 /* FS Lib.hpp in Headers */,
			);
			runOnlyForDeploymentPostprocessing = 0;
		};
/* End PBXHeadersBuildPhase section */

/* Begin PBXNativeTarget section */
		BB056CBF1ED2E27E00DC2D99 /* FS Lib */ = {
			isa = PBXNativeTarget;
			buildConfigurationList = BB056CC41ED2E27E00DC2D99 /* Build configuration list for PBXNativeTarget "FS Lib" */;
			buildPhases = (
				BB056CBC1ED2E27E00DC2D99 /* Sources */,
				BB056CBD1ED2E27E00DC2D99 /* Frameworks */,
				BB056CBE1ED2E27E00DC2D99 /* Headers */,
			);
			buildRules = (
			);
			dependencies = (
			);
			name = "FS Lib";
			productName = "FS Lib";
			productReference = BB056CC01ED2E27E00DC2D99 /* libFS Lib.dylib */;
			productType = "com.apple.product-type.library.dynamic";
		};
/* End PBXNativeTarget section */

/* Begin PBXProject section */
		BB056CB81ED2E27E00DC2D99 /* Project object */ = {
			isa = PBXProject;
			attributes = {
				LastUpgradeCheck = 0820;
				ORGANIZATIONNAME = alireza;
				TargetAttributes = {
					BB056CBF1ED2E27E00DC2D99 = {
						CreatedOnToolsVersion = 8.2;
						DevelopmentTeam = B4VLG8L7YJ;
						ProvisioningStyle = Automatic;
					};
				};
			};
			buildConfigurationList = BB056CBB1ED2E27E00DC2D99 /* Build configuration list for PBXProject "FS Lib" */;
			compatibilityVersion = "Xcode 3.2";
			developmentRegion = English;
			hasScannedForEncodings = 0;
			knownRegions = (
				en,
			);
			mainGroup = BB056CB71ED2E27E00DC2D99;
			productRefGroup = BB056CC11ED2E27E00DC2D99 /* Products */;
			projectDirPath = "";
			projectRoot = "";
			targets = (
				BB056CBF1ED2E27E00DC2D99 /* FS Lib */,
			);
		};
/* End PBXProject section */

/* Begin PBXSourcesBuildPhase section */
		BB056CBC1ED2E27E00DC2D99 /* Sources */ = {
			isa = PBXSourcesBuildPhase;
			buildActionMask = 2147483647;
			files = (
				BB056CDC1ED2E64600DC2D99 /* FS Lib.cpp in Sources */,
			);
			runOnlyForDeploymentPostprocessing = 0;
		};
/* End PBXSourcesBuildPhase section */

/* Begin XCBuildConfiguration section */
		BB056CC21ED2E27E00DC2D99 /* Debug */ = {
			isa = XCBuildConfiguration;
			buildSettings = {
				ALWAYS_SEARCH_USER_PATHS = NO;
				CLANG_ANALYZER_NONNULL = YES;
				CLANG_CXX_LANGUAGE_STANDARD = "gnu++0x";
				CLANG_CXX_LIBRARY = "libc++";
				CLANG_ENABLE_MODULES = YES;
				CLANG_ENABLE_OBJC_ARC = YES;
				CLANG_WARN_BOOL_CONVERSION = YES;
				CLANG_WARN_CONSTANT_CONVERSION = YES;
				CLANG_WARN_DIRECT_OBJC_ISA_USAGE = YES_ERROR;
				CLANG_WARN_DOCUMENTATION_COMMENTS = YES;
				CLANG_WARN_EMPTY_BODY = YES;
				CLANG_WARN_ENUM_CONVERSION = YES;
				CLANG_WARN_INFINITE_RECURSION = YES;
				CLANG_WARN_INT_CONVERSION = YES;
				CLANG_WARN_OBJC_ROOT_CLASS = YES_ERROR;
				CLANG_WARN_SUSPICIOUS_MOVE = YES;
				CLANG_WARN_UNREACHABLE_CODE = YES;
				CLANG_WARN__DUPLICATE_METHOD_MATCH = YES;
				CODE_SIGN_IDENTITY = "-";
				COPY_PHASE_STRIP = NO;
				DEBUG_INFORMATION_FORMAT = dwarf;
				ENABLE_STRICT_OBJC_MSGSEND = YES;
				ENABLE_TESTABILITY = YES;
				GCC_C_LANGUAGE_STANDARD = gnu99;
				GCC_DYNAMIC_NO_PIC = NO;
				GCC_NO_COMMON_BLOCKS = YES;
				GCC_OPTIMIZATION_LEVEL = 0;
				GCC_PREPROCESSOR_DEFINITIONS = (
					"DEBUG=1",
					"$(inherited)",
				);
				GCC_WARN_64_TO_32_BIT_CONVERSION = YES;
				GCC_WARN_ABOUT_RETURN_TYPE = YES_ERROR;
				GCC_WARN_UNDECLARED_SELECTOR = YES;
				GCC_WARN_UNINITIALIZED_AUTOS = YES_AGGRESSIVE;
				GCC_WARN_UNUSED_FUNCTION = YES;
				GCC_WARN_UNUSED_VARIABLE = YES;
				MACOSX_DEPLOYMENT_TARGET = 10.12;
				MTL_ENABLE_DEBUG_INFO = YES;
				ONLY_ACTIVE_ARCH = YES;
				SDKROOT = macosx;
			};
			name = Debug;
		};
		BB056CC31ED2E27E00DC2D99 /* Release */ = {
			isa = XCBuildConfiguration;
			buildSettings = {
				ALWAYS_SEARCH_USER_PATHS = NO;
				CLANG_ANALYZER_NONNULL = YES;
				CLANG_CXX_LANGUAGE_STANDARD = "gnu++0x";
				CLANG_CXX_LIBRARY = "libc++";
				CLANG_ENABLE_MODULES = YES;
				CLANG_ENABLE_OBJC_ARC = YES;
				CLANG_WARN_BOOL_CONVERSION = YES;
				CLANG_WARN_CONSTANT_CONVERSION = YES;
				CLANG_WARN_DIRECT_OBJC_ISA_USAGE = YES_ERROR;
				CLANG_WARN_DOCUMENTATION_COMMENTS = YES;
				CLANG_WARN_EMPTY_BODY = YES;
				CLANG_WARN_ENUM_CONVERSION = YES;
				CLANG_WARN_INFINITE_RECURSION = YES;
				CLANG_WARN_INT_CONVERSION = YES;
				CLANG_WARN_OBJC_ROOT_CLASS = YES_ERROR;
				CLANG_WARN_SUSPICIOUS_MOVE = YES;
				CLANG_WARN_UNREACHABLE_CODE = YES;
				CLANG_WARN__DUPLICATE_METHOD_MATCH = YES;
				CODE_SIGN_IDENTITY = "-";
				COPY_PHASE_STRIP = NO;
				DEBUG_INFORMATION_FORMAT = "dwarf-with-dsym";
				ENABLE_NS_ASSERTIONS = NO;
				ENABLE_STRICT_OBJC_MSGSEND = YES;
				GCC_C_LANGUAGE_STANDARD = gnu99;
				GCC_NO_COMMON_BLOCKS = YES;
				GCC_WARN_64_TO_32_BIT_CONVERSION = YES;
				GCC_WARN_ABOUT_RETURN_TYPE = YES_ERROR;
				GCC_WARN_UNDECLARED_SELECTOR = YES;
				GCC_WARN_UNINITIALIZED_AUTOS = YES_AGGRESSIVE;
				GCC_WARN_UNUSED_FUNCTION = YES;
				GCC_WARN_UNUSED_VARIABLE = YES;
				MACOSX_DEPLOYMENT_TARGET = 10.12;
				MTL_ENABLE_DEBUG_INFO = NO;
				SDKROOT = macosx;
			};
			name = Release;
		};
		BB056CC51ED2E27E00DC2D99 /* Debug */ = {
			isa = XCBuildConfiguration;
			buildSettings = {
				CONFIGURATION_BUILD_DIR = "$(BUILD_DIR)/Lib/$(CONFIGURATION)/x64";
				CONFIGURATION_TEMP_DIR = "$(PROJECT_TEMP_DIR)/$(CONFIGURATION)";
				DEVELOPMENT_TEAM = B4VLG8L7YJ;
				DYLIB_COMPATIBILITY_VERSION = 1;
				DYLIB_CURRENT_VERSION = 1;
				EXECUTABLE_PREFIX = lib;
				OBJROOT = Build;
				PRODUCT_NAME = "$(TARGET_NAME)";
				SYMROOT = "";
			};
			name = Debug;
		};
		BB056CC61ED2E27E00DC2D99 /* Release */ = {
			isa = XCBuildConfiguration;
			buildSettings = {
				CONFIGURATION_BUILD_DIR = "$(BUILD_DIR)/Lib/$(CONFIGURATION)/x64";
				CONFIGURATION_TEMP_DIR = "$(PROJECT_TEMP_DIR)/$(CONFIGURATION)";
				DEBUG_INFORMATION_FORMAT = dwarf;
				DEVELOPMENT_TEAM = B4VLG8L7YJ;
				DYLIB_COMPATIBILITY_VERSION = 1;
				DYLIB_CURRENT_VERSION = 1;
				EXECUTABLE_PREFIX = lib;
				OBJROOT = Build;
				ONLY_ACTIVE_ARCH = YES;
				PRODUCT_NAME = "$(TARGET_NAME)";
				SYMROOT = "";
			};
			name = Release;
		};
/* End XCBuildConfiguration section */

/* Begin XCConfigurationList section */
		BB056CBB1ED2E27E00DC2D99 /* Build configuration list for PBXProject "FS Lib" */ = {
			isa = XCConfigurationList;
			buildConfigurations = (
				BB056CC21ED2E27E00DC2D99 /* Debug */,
				BB056CC31ED2E27E00DC2D99 /* Release */,
			);
			defaultConfigurationIsVisible = 0;
			defaultConfigurationName = Release;
		};
		BB056CC41ED2E27E00DC2D99 /* Build configuration list for PBXNativeTarget "FS Lib" */ = {
			isa = XCConfigurationList;
			buildConfigurations = (
				BB056CC51ED2E27E00DC2D99 /* Debug */,
				BB056CC61ED2E27E00DC2D99 /* Release */,
			);
			defaultConfigurationIsVisible = 0;
			defaultConfigurationName = Release;
		};
/* End XCConfigurationList section */
	};
	rootObject = BB056CB81ED2E27E00DC2D99 /* Project object */;
}
