
Microsoft Visual Studio Solution File, Format Version 12.00
# Visual Studio 14
VisualStudioVersion = 14.0.24720.0
MinimumVisualStudioVersion = 10.0.40219.1
Project("{8BC9CEB8-8B4A-11D0-8D11-00A0C91BC942}") = "4D Renderer", "4D Renderer\4D Renderer.vcxproj", "{B535E6A9-CFFA-4A6D-8166-DEC18B4BEB26}"
	ProjectSection(ProjectDependencies) = postProject
		{D9E1995E-E66E-4CEA-BDD7-050C7993A65F} = {D9E1995E-E66E-4CEA-BDD7-050C7993A65F}
		{2A2B5C84-A73A-4612-B9E9-872070197889} = {2A2B5C84-A73A-4612-B9E9-872070197889}
		{D2F626AA-1558-453E-A05B-A947FDFC9855} = {D2F626AA-1558-453E-A05B-A947FDFC9855}
	EndProjectSection
EndProject
Project("{8BC9CEB8-8B4A-11D0-8D11-00A0C91BC942}") = "FS Lib", "FS Lib\FS Lib.vcxproj", "{2A2B5C84-A73A-4612-B9E9-872070197889}"
EndProject
Project("{8BC9CEB8-8B4A-11D0-8D11-00A0C91BC942}") = "WindowHandler Lib", "WindowHandler Lib\WindowHandler Lib.vcxproj", "{D2F626AA-1558-453E-A05B-A947FDFC9855}"
EndProject
Project("{8BC9CEB8-8B4A-11D0-8D11-00A0C91BC942}") = "OpenGLRenderer Lib", "OpenGLRenderer Lib\OpenGLRenderer Lib.vcxproj", "{D9E1995E-E66E-4CEA-BDD7-050C7993A65F}"
EndProject
Global
	GlobalSection(SolutionConfigurationPlatforms) = preSolution
		Debug|x64 = Debug|x64
		Debug|x86 = Debug|x86
		Release|x64 = Release|x64
		Release|x86 = Release|x86
	EndGlobalSection
	GlobalSection(ProjectConfigurationPlatforms) = postSolution
		{B535E6A9-CFFA-4A6D-8166-DEC18B4BEB26}.Debug|x64.ActiveCfg = Debug|x64
		{B535E6A9-CFFA-4A6D-8166-DEC18B4BEB26}.Debug|x64.Build.0 = Debug|x64
		{B535E6A9-CFFA-4A6D-8166-DEC18B4BEB26}.Debug|x86.ActiveCfg = Debug|Win32
		{B535E6A9-CFFA-4A6D-8166-DEC18B4BEB26}.Debug|x86.Build.0 = Debug|Win32
		{B535E6A9-CFFA-4A6D-8166-DEC18B4BEB26}.Release|x64.ActiveCfg = Release|x64
		{B535E6A9-CFFA-4A6D-8166-DEC18B4BEB26}.Release|x64.Build.0 = Release|x64
		{B535E6A9-CFFA-4A6D-8166-DEC18B4BEB26}.Release|x86.ActiveCfg = Release|Win32
		{B535E6A9-CFFA-4A6D-8166-DEC18B4BEB26}.Release|x86.Build.0 = Release|Win32
		{2A2B5C84-A73A-4612-B9E9-872070197889}.Debug|x64.ActiveCfg = Debug|x64
		{2A2B5C84-A73A-4612-B9E9-872070197889}.Debug|x64.Build.0 = Debug|x64
		{2A2B5C84-A73A-4612-B9E9-872070197889}.Debug|x86.ActiveCfg = Debug|Win32
		{2A2B5C84-A73A-4612-B9E9-872070197889}.Debug|x86.Build.0 = Debug|Win32
		{2A2B5C84-A73A-4612-B9E9-872070197889}.Release|x64.ActiveCfg = Release|x64
		{2A2B5C84-A73A-4612-B9E9-872070197889}.Release|x64.Build.0 = Release|x64
		{2A2B5C84-A73A-4612-B9E9-872070197889}.Release|x86.ActiveCfg = Release|Win32
		{2A2B5C84-A73A-4612-B9E9-872070197889}.Release|x86.Build.0 = Release|Win32
		{D2F626AA-1558-453E-A05B-A947FDFC9855}.Debug|x64.ActiveCfg = Debug|x64
		{D2F626AA-1558-453E-A05B-A947FDFC9855}.Debug|x64.Build.0 = Debug|x64
		{D2F626AA-1558-453E-A05B-A947FDFC9855}.Debug|x86.ActiveCfg = Debug|Win32
		{D2F626AA-1558-453E-A05B-A947FDFC9855}.Debug|x86.Build.0 = Debug|Win32
		{D2F626AA-1558-453E-A05B-A947FDFC9855}.Release|x64.ActiveCfg = Release|x64
		{D2F626AA-1558-453E-A05B-A947FDFC9855}.Release|x64.Build.0 = Release|x64
		{D2F626AA-1558-453E-A05B-A947FDFC9855}.Release|x86.ActiveCfg = Release|Win32
		{D2F626AA-1558-453E-A05B-A947FDFC9855}.Release|x86.Build.0 = Release|Win32
		{D9E1995E-E66E-4CEA-BDD7-050C7993A65F}.Debug|x64.ActiveCfg = Debug|x64
		{D9E1995E-E66E-4CEA-BDD7-050C7993A65F}.Debug|x64.Build.0 = Debug|x64
		{D9E1995E-E66E-4CEA-BDD7-050C7993A65F}.Debug|x86.ActiveCfg = Debug|Win32
		{D9E1995E-E66E-4CEA-BDD7-050C7993A65F}.Debug|x86.Build.0 = Debug|Win32
		{D9E1995E-E66E-4CEA-BDD7-050C7993A65F}.Release|x64.ActiveCfg = Release|x64
		{D9E1995E-E66E-4CEA-BDD7-050C7993A65F}.Release|x64.Build.0 = Release|x64
		{D9E1995E-E66E-4CEA-BDD7-050C7993A65F}.Release|x86.ActiveCfg = Release|Win32
		{D9E1995E-E66E-4CEA-BDD7-050C7993A65F}.Release|x86.Build.0 = Release|Win32
	EndGlobalSection
	GlobalSection(SolutionProperties) = preSolution
		HideSolutionNode = FALSE
	EndGlobalSection
EndGlobal
